
Microsoft Visual Studio Solution File, Format Version 12.00
# Visual Studio Version 17
VisualStudioVersion = 17.3.32929.385
MinimumVisualStudioVersion = 10.0.40219.1
Project("{FAE04EC0-301F-11D3-BF4B-00C04F79EFBC}") = "BossFight", "BossFight\BossFight.csproj", "{77DFB5C6-A8D9-47E7-BE05-0DBB6D7E71F1}"
EndProject
Global
	GlobalSection(SolutionConfigurationPlatforms) = preSolution
		Debug|Any CPU = Debug|Any CPU
		Release|Any CPU = Release|Any CPU
	EndGlobalSection
	GlobalSection(ProjectConfigurationPlatforms) = postSolution
		{77DFB5C6-A8D9-47E7-BE05-0DBB6D7E71F1}.Debug|Any CPU.ActiveCfg = Debug|Any CPU
		{77DFB5C6-A8D9-47E7-BE05-0DBB6D7E71F1}.Debug|Any CPU.Build.0 = Debug|Any CPU
		{77DFB5C6-A8D9-47E7-BE05-0DBB6D7E71F1}.Release|Any CPU.ActiveCfg = Release|Any CPU
		{77DFB5C6-A8D9-47E7-BE05-0DBB6D7E71F1}.Release|Any CPU.Build.0 = Release|Any CPU
	EndGlobalSection
	GlobalSection(SolutionProperties) = preSolution
		HideSolutionNode = FALSE
	EndGlobalSection
	GlobalSection(ExtensibilityGlobals) = postSolution
		SolutionGuid = {14476745-A446-4C07-9E29-B297FA6A4AD8}
	EndGlobalSection
EndGlobal
